# Generated from uv.lock. The room image installs these exact runtime versions; update this file
# together with uv.lock after reviewing dependency changes.
annotated-types==0.7.0
anyio==4.14.2
asyncio==4.0.0
blinker==1.9.0
certifi==2026.6.17
cffi==2.1.0 ; platform_python_implementation != 'PyPy'
click==8.4.2
coincurve==21.0.0
colorama==0.4.6 ; sys_platform == 'win32'
cryptography==49.0.0
cytoolz==1.1.0 ; implementation_name == 'cpython'
dstack-sdk==0.5.4
eciespy==0.4.6
eth-hash==0.8.0
eth-keys==0.7.0
eth-typing==6.0.0
eth-utils==6.0.0
flask==3.1.3
gunicorn==23.0.0
h11==0.16.0
httpcore==1.0.9
httpx==0.28.1
idna==3.18
itsdangerous==2.2.0
jinja2==3.1.6
markupsafe==3.0.3
packaging==26.2
pycparser==3.0 ; implementation_name != 'PyPy' and platform_python_implementation != 'PyPy'
pycryptodome==3.23.0
pydantic==2.13.4
pydantic-core==2.46.4
toolz==1.1.0 ; implementation_name == 'cpython' or implementation_name == 'pypy'
typing-extensions==4.16.0
typing-inspection==0.4.2
werkzeug==3.1.8
